
Microsoft Visual Studio Solution File, Format Version 12.00
# Visual Studio Version 16
VisualStudioVersion = 16.0.30503.244
MinimumVisualStudioVersion = 10.0.40219.1
Project("{9A19103F-16F7-4668-BE54-9A1E7A4F7556}") = "MenuBot", "MenuBot\MenuBot.csproj", "{03E8AD10-71D7-49EF-A1E2-9C892421DCC2}"
EndProject
Global
	GlobalSection(SolutionConfigurationPlatforms) = preSolution
		Debug|Any CPU = Debug|Any CPU
		Release|Any CPU = Release|Any CPU
	EndGlobalSection
	GlobalSection(ProjectConfigurationPlatforms) = postSolution
		{03E8AD10-71D7-49EF-A1E2-9C892421DCC2}.Debug|Any CPU.ActiveCfg = Debug|Any CPU
		{03E8AD10-71D7-49EF-A1E2-9C892421DCC2}.Debug|Any CPU.Build.0 = Debug|Any CPU
		{03E8AD10-71D7-49EF-A1E2-9C892421DCC2}.Release|Any CPU.ActiveCfg = Release|Any CPU
		{03E8AD10-71D7-49EF-A1E2-9C892421DCC2}.Release|Any CPU.Build.0 = Release|Any CPU
	EndGlobalSection
	GlobalSection(SolutionProperties) = preSolution
		HideSolutionNode = FALSE
	EndGlobalSection
	GlobalSection(ExtensibilityGlobals) = postSolution
		SolutionGuid = {C22056ED-9DB9-4E55-BFF4-65D50E12826C}
	EndGlobalSection
EndGlobal
